// !$*UTF8*$!
{
	archiveVersion = 1;
	classes = {
	};
	objectVersion = 56;
	objects = {

/* Begin PBXBuildFile section */
		0920E6FE2A59971D00929CCF /* ProgressCollectionViewCell.swift in Sources */ = {isa = PBXBuildFile; fileRef = 0920E6FD2A59971D00929CCF /* ProgressCollectionViewCell.swift */; };
		0920E7002A59976200929CCF /* Reusable.swift in Sources */ = {isa = PBXBuildFile; fileRef = 0920E6FF2A59976200929CCF /* Reusable.swift */; };
		0920E7022A599A9300929CCF /* HabitCollectionViewCell.swift in Sources */ = {isa = PBXBuildFile; fileRef = 0920E7012A599A9300929CCF /* HabitCollectionViewCell.swift */; };
		0920E7042A5AE35400929CCF /* HabitDetailsViewController.swift in Sources */ = {isa = PBXBuildFile; fileRef = 0920E7032A5AE35400929CCF /* HabitDetailsViewController.swift */; };
		0920E7092A5AE60600929CCF /* HabitDetailsViewControllerCell.swift in Sources */ = {isa = PBXBuildFile; fileRef = 0920E7082A5AE60600929CCF /* HabitDetailsViewControllerCell.swift */; };
		097251C12A6017340001A18D /* bugs.swift in Sources */ = {isa = PBXBuildFile; fileRef = 097251C02A6017340001A18D /* bugs.swift */; };
		09D35C302A5829CD00B7C887 /* AppDelegate.swift in Sources */ = {isa = PBXBuildFile; fileRef = 09D35C2F2A5829CD00B7C887 /* AppDelegate.swift */; };
		09D35C322A5829CD00B7C887 /* SceneDelegate.swift in Sources */ = {isa = PBXBuildFile; fileRef = 09D35C312A5829CD00B7C887 /* SceneDelegate.swift */; };
		09D35C392A5829CD00B7C887 /* Assets.xcassets in Resources */ = {isa = PBXBuildFile; fileRef = 09D35C382A5829CD00B7C887 /* Assets.xcassets */; };
		09D35C3C2A5829CD00B7C887 /* LaunchScreen.storyboard in Resources */ = {isa = PBXBuildFile; fileRef = 09D35C3A2A5829CD00B7C887 /* LaunchScreen.storyboard */; };
		09D35C452A58309900B7C887 /* TabBarController.swift in Sources */ = {isa = PBXBuildFile; fileRef = 09D35C442A58309900B7C887 /* TabBarController.swift */; };
		09D35C4B2A58338C00B7C887 /* HabitsViewController.swift in Sources */ = {isa = PBXBuildFile; fileRef = 09D35C4A2A58338C00B7C887 /* HabitsViewController.swift */; };
		09D35C4D2A58339D00B7C887 /* InfoViewController.swift in Sources */ = {isa = PBXBuildFile; fileRef = 09D35C4C2A58339D00B7C887 /* InfoViewController.swift */; };
		09D35C502A58341100B7C887 /* InfoViewCell.swift in Sources */ = {isa = PBXBuildFile; fileRef = 09D35C4F2A58341100B7C887 /* InfoViewCell.swift */; };
		09D35C522A58341E00B7C887 /* HeaderForSection.swift in Sources */ = {isa = PBXBuildFile; fileRef = 09D35C512A58341E00B7C887 /* HeaderForSection.swift */; };
		09D35C552A58347600B7C887 /* HabitsStore.swift in Sources */ = {isa = PBXBuildFile; fileRef = 09D35C542A58347600B7C887 /* HabitsStore.swift */; };
		09D35C572A5834D100B7C887 /* Information.swift in Sources */ = {isa = PBXBuildFile; fileRef = 09D35C562A5834D100B7C887 /* Information.swift */; };
		09D35C592A583B7200B7C887 /* HabitViewController.swift in Sources */ = {isa = PBXBuildFile; fileRef = 09D35C582A583B7200B7C887 /* HabitViewController.swift */; };
/* End PBXBuildFile section */

/* Begin PBXFileReference section */
		0920E6FD2A59971D00929CCF /* ProgressCollectionViewCell.swift */ = {isa = PBXFileReference; lastKnownFileType = sourcecode.swift; path = ProgressCollectionViewCell.swift; sourceTree = "<group>"; };
		0920E6FF2A59976200929CCF /* Reusable.swift */ = {isa = PBXFileReference; lastKnownFileType = sourcecode.swift; path = Reusable.swift; sourceTree = "<group>"; };
		0920E7012A599A9300929CCF /* HabitCollectionViewCell.swift */ = {isa = PBXFileReference; lastKnownFileType = sourcecode.swift; path = HabitCollectionViewCell.swift; sourceTree = "<group>"; };
		0920E7032A5AE35400929CCF /* HabitDetailsViewController.swift */ = {isa = PBXFileReference; lastKnownFileType = sourcecode.swift; path = HabitDetailsViewController.swift; sourceTree = "<group>"; };
		0920E7082A5AE60600929CCF /* HabitDetailsViewControllerCell.swift */ = {isa = PBXFileReference; lastKnownFileType = sourcecode.swift; path = HabitDetailsViewControllerCell.swift; sourceTree = "<group>"; };
		097251C02A6017340001A18D /* bugs.swift */ = {isa = PBXFileReference; lastKnownFileType = sourcecode.swift; path = bugs.swift; sourceTree = "<group>"; };
		09D35C2C2A5829CD00B7C887 /* MyHabits.app */ = {isa = PBXFileReference; explicitFileType = wrapper.application; includeInIndex = 0; path = MyHabits.app; sourceTree = BUILT_PRODUCTS_DIR; };
		09D35C2F2A5829CD00B7C887 /* AppDelegate.swift */ = {isa = PBXFileReference; lastKnownFileType = sourcecode.swift; path = AppDelegate.swift; sourceTree = "<group>"; };
		09D35C312A5829CD00B7C887 /* SceneDelegate.swift */ = {isa = PBXFileReference; lastKnownFileType = sourcecode.swift; path = SceneDelegate.swift; sourceTree = "<group>"; };
		09D35C382A5829CD00B7C887 /* Assets.xcassets */ = {isa = PBXFileReference; lastKnownFileType = folder.assetcatalog; path = Assets.xcassets; sourceTree = "<group>"; };
		09D35C3B2A5829CD00B7C887 /* Base */ = {isa = PBXFileReference; lastKnownFileType = file.storyboard; name = Base; path = Base.lproj/LaunchScreen.storyboard; sourceTree = "<group>"; };
		09D35C3D2A5829CD00B7C887 /* Info.plist */ = {isa = PBXFileReference; lastKnownFileType = text.plist.xml; path = Info.plist; sourceTree = "<group>"; };
		09D35C442A58309900B7C887 /* TabBarController.swift */ = {isa = PBXFileReference; lastKnownFileType = sourcecode.swift; path = TabBarController.swift; sourceTree = "<group>"; };
		09D35C4A2A58338C00B7C887 /* HabitsViewController.swift */ = {isa = PBXFileReference; lastKnownFileType = sourcecode.swift; path = HabitsViewController.swift; sourceTree = "<group>"; };
		09D35C4C2A58339D00B7C887 /* InfoViewController.swift */ = {isa = PBXFileReference; lastKnownFileType = sourcecode.swift; path = InfoViewController.swift; sourceTree = "<group>"; };
		09D35C4F2A58341100B7C887 /* InfoViewCell.swift */ = {isa = PBXFileReference; lastKnownFileType = sourcecode.swift; path = InfoViewCell.swift; sourceTree = "<group>"; };
		09D35C512A58341E00B7C887 /* HeaderForSection.swift */ = {isa = PBXFileReference; lastKnownFileType = sourcecode.swift; path = HeaderForSection.swift; sourceTree = "<group>"; };
		09D35C542A58347600B7C887 /* HabitsStore.swift */ = {isa = PBXFileReference; lastKnownFileType = sourcecode.swift; path = HabitsStore.swift; sourceTree = "<group>"; };
		09D35C562A5834D100B7C887 /* Information.swift */ = {isa = PBXFileReference; lastKnownFileType = sourcecode.swift; path = Information.swift; sourceTree = "<group>"; };
		09D35C582A583B7200B7C887 /* HabitViewController.swift */ = {isa = PBXFileReference; lastKnownFileType = sourcecode.swift; path = HabitViewController.swift; sourceTree = "<group>"; };
/* End PBXFileReference section */

/* Begin PBXFrameworksBuildPhase section */
		09D35C292A5829CC00B7C887 /* Frameworks */ = {
			isa = PBXFrameworksBuildPhase;
			buildActionMask = 2147483647;
			files = (
			);
			runOnlyForDeploymentPostprocessing = 0;
		};
/* End PBXFrameworksBuildPhase section */

/* Begin PBXGroup section */
		0920E6FB2A5996F000929CCF /* Cells */ = {
			isa = PBXGroup;
			children = (
				0920E6FD2A59971D00929CCF /* ProgressCollectionViewCell.swift */,
				0920E7012A599A9300929CCF /* HabitCollectionViewCell.swift */,
			);
			path = Cells;
			sourceTree = "<group>";
		};
		0920E7052A5AE36800929CCF /* Editing */ = {
			isa = PBXGroup;
			children = (
				0920E7062A5AE5EA00929CCF /* Cell */,
				0920E7032A5AE35400929CCF /* HabitDetailsViewController.swift */,
			);
			path = Editing;
			sourceTree = "<group>";
		};
		0920E7062A5AE5EA00929CCF /* Cell */ = {
			isa = PBXGroup;
			children = (
				0920E7082A5AE60600929CCF /* HabitDetailsViewControllerCell.swift */,
			);
			path = Cell;
			sourceTree = "<group>";
		};
		09D35C232A5829CC00B7C887 = {
			isa = PBXGroup;
			children = (
				09D35C2E2A5829CD00B7C887 /* MyHabits */,
				09D35C2D2A5829CD00B7C887 /* Products */,
			);
			sourceTree = "<group>";
		};
		09D35C2D2A5829CD00B7C887 /* Products */ = {
			isa = PBXGroup;
			children = (
				09D35C2C2A5829CD00B7C887 /* MyHabits.app */,
			);
			name = Products;
			sourceTree = "<group>";
		};
		09D35C2E2A5829CD00B7C887 /* MyHabits */ = {
			isa = PBXGroup;
			children = (
				09D35C472A5832E300B7C887 /* Delegates */,
				09D35C432A58308400B7C887 /* TabBarController */,
				09D35C462A5832C600B7C887 /* Models */,
				09D35C532A58345600B7C887 /* CommonData */,
				09D35C382A5829CD00B7C887 /* Assets.xcassets */,
				09D35C3A2A5829CD00B7C887 /* LaunchScreen.storyboard */,
				09D35C3D2A5829CD00B7C887 /* Info.plist */,
			);
			path = MyHabits;
			sourceTree = "<group>";
		};
		09D35C432A58308400B7C887 /* TabBarController */ = {
			isa = PBXGroup;
			children = (
				09D35C442A58309900B7C887 /* TabBarController.swift */,
			);
			path = TabBarController;
			sourceTree = "<group>";
		};
		09D35C462A5832C600B7C887 /* Models */ = {
			isa = PBXGroup;
			children = (
				09D35C482A58330200B7C887 /* Habits */,
				09D35C492A58330800B7C887 /* Information */,
			);
			path = Models;
			sourceTree = "<group>";
		};
		09D35C472A5832E300B7C887 /* Delegates */ = {
			isa = PBXGroup;
			children = (
				09D35C2F2A5829CD00B7C887 /* AppDelegate.swift */,
				09D35C312A5829CD00B7C887 /* SceneDelegate.swift */,
			);
			path = Delegates;
			sourceTree = "<group>";
		};
		09D35C482A58330200B7C887 /* Habits */ = {
			isa = PBXGroup;
			children = (
				09D35C4A2A58338C00B7C887 /* HabitsViewController.swift */,
				0920E6FB2A5996F000929CCF /* Cells */,
				09D35C5F2A5955FB00B7C887 /* Detail */,
			);
			path = Habits;
			sourceTree = "<group>";
		};
		09D35C492A58330800B7C887 /* Information */ = {
			isa = PBXGroup;
			children = (
				09D35C4C2A58339D00B7C887 /* InfoViewController.swift */,
				09D35C4E2A5833F700B7C887 /* Cell */,
			);
			path = Information;
			sourceTree = "<group>";
		};
		09D35C4E2A5833F700B7C887 /* Cell */ = {
			isa = PBXGroup;
			children = (
				09D35C4F2A58341100B7C887 /* InfoViewCell.swift */,
				09D35C512A58341E00B7C887 /* HeaderForSection.swift */,
			);
			path = Cell;
			sourceTree = "<group>";
		};
		09D35C532A58345600B7C887 /* CommonData */ = {
			isa = PBXGroup;
			children = (
				09D35C542A58347600B7C887 /* HabitsStore.swift */,
				09D35C562A5834D100B7C887 /* Information.swift */,
				0920E6FF2A59976200929CCF /* Reusable.swift */,
				097251C02A6017340001A18D /* bugs.swift */,
			);
			path = CommonData;
			sourceTree = "<group>";
		};
		09D35C5F2A5955FB00B7C887 /* Detail */ = {
			isa = PBXGroup;
			children = (
				09D35C582A583B7200B7C887 /* HabitViewController.swift */,
				0920E7052A5AE36800929CCF /* Editing */,
			);
			path = Detail;
			sourceTree = "<group>";
		};
/* End PBXGroup section */

/* Begin PBXNativeTarget section */
		09D35C2B2A5829CC00B7C887 /* MyHabits */ = {
			isa = PBXNativeTarget;
			buildConfigurationList = 09D35C402A5829CD00B7C887 /* Build configuration list for PBXNativeTarget "MyHabits" */;
			buildPhases = (
				09D35C282A5829CC00B7C887 /* Sources */,
				09D35C292A5829CC00B7C887 /* Frameworks */,
				09D35C2A2A5829CC00B7C887 /* Resources */,
			);
			buildRules = (
			);
			dependencies = (
			);
			name = MyHabits;
			productName = MyHabits;
			productReference = 09D35C2C2A5829CD00B7C887 /* MyHabits.app */;
			productType = "com.apple.product-type.application";
		};
/* End PBXNativeTarget section */

/* Begin PBXProject section */
		09D35C242A5829CC00B7C887 /* Project object */ = {
			isa = PBXProject;
			attributes = {
				BuildIndependentTargetsInParallel = 1;
				LastSwiftUpdateCheck = 1430;
				LastUpgradeCheck = 1430;
				TargetAttributes = {
					09D35C2B2A5829CC00B7C887 = {
						CreatedOnToolsVersion = 14.3.1;
					};
				};
			};
			buildConfigurationList = 09D35C272A5829CC00B7C887 /* Build configuration list for PBXProject "MyHabits" */;
			compatibilityVersion = "Xcode 14.0";
			developmentRegion = en;
			hasScannedForEncodings = 0;
			knownRegions = (
				en,
				Base,
			);
			mainGroup = 09D35C232A5829CC00B7C887;
			productRefGroup = 09D35C2D2A5829CD00B7C887 /* Products */;
			projectDirPath = "";
			projectRoot = "";
			targets = (
				09D35C2B2A5829CC00B7C887 /* MyHabits */,
			);
		};
/* End PBXProject section */

/* Begin PBXResourcesBuildPhase section */
		09D35C2A2A5829CC00B7C887 /* Resources */ = {
			isa = PBXResourcesBuildPhase;
			buildActionMask = 2147483647;
			files = (
				09D35C3C2A5829CD00B7C887 /* LaunchScreen.storyboard in Resources */,
				09D35C392A5829CD00B7C887 /* Assets.xcassets in Resources */,
			);
			runOnlyForDeploymentPostprocessing = 0;
		};
/* End PBXResourcesBuildPhase section */

/* Begin PBXSourcesBuildPhase section */
		09D35C282A5829CC00B7C887 /* Sources */ = {
			isa = PBXSourcesBuildPhase;
			buildActionMask = 2147483647;
			files = (
				0920E7002A59976200929CCF /* Reusable.swift in Sources */,
				09D35C572A5834D100B7C887 /* Information.swift in Sources */,
				09D35C502A58341100B7C887 /* InfoViewCell.swift in Sources */,
				09D35C452A58309900B7C887 /* TabBarController.swift in Sources */,
				097251C12A6017340001A18D /* bugs.swift in Sources */,
				09D35C302A5829CD00B7C887 /* AppDelegate.swift in Sources */,
				09D35C322A5829CD00B7C887 /* SceneDelegate.swift in Sources */,
				0920E6FE2A59971D00929CCF /* ProgressCollectionViewCell.swift in Sources */,
				09D35C552A58347600B7C887 /* HabitsStore.swift in Sources */,
				09D35C522A58341E00B7C887 /* HeaderForSection.swift in Sources */,
				0920E7092A5AE60600929CCF /* HabitDetailsViewControllerCell.swift in Sources */,
				09D35C592A583B7200B7C887 /* HabitViewController.swift in Sources */,
				0920E7042A5AE35400929CCF /* HabitDetailsViewController.swift in Sources */,
				0920E7022A599A9300929CCF /* HabitCollectionViewCell.swift in Sources */,
				09D35C4B2A58338C00B7C887 /* HabitsViewController.swift in Sources */,
				09D35C4D2A58339D00B7C887 /* InfoViewController.swift in Sources */,
			);
			runOnlyForDeploymentPostprocessing = 0;
		};
/* End PBXSourcesBuildPhase section */

/* Begin PBXVariantGroup section */
		09D35C3A2A5829CD00B7C887 /* LaunchScreen.storyboard */ = {
			isa = PBXVariantGroup;
			children = (
				09D35C3B2A5829CD00B7C887 /* Base */,
			);
			name = LaunchScreen.storyboard;
			sourceTree = "<group>";
		};
/* End PBXVariantGroup section */

/* Begin XCBuildConfiguration section */
		09D35C3E2A5829CD00B7C887 /* Debug */ = {
			isa = XCBuildConfiguration;
			buildSettings = {
				ALWAYS_SEARCH_USER_PATHS = NO;
				CLANG_ANALYZER_NONNULL = YES;
				CLANG_ANALYZER_NUMBER_OBJECT_CONVERSION = YES_AGGRESSIVE;
				CLANG_CXX_LANGUAGE_STANDARD = "gnu++20";
				CLANG_ENABLE_MODULES = YES;
				CLANG_ENABLE_OBJC_ARC = YES;
				CLANG_ENABLE_OBJC_WEAK = YES;
				CLANG_WARN_BLOCK_CAPTURE_AUTORELEASING = YES;
				CLANG_WARN_BOOL_CONVERSION = YES;
				CLANG_WARN_COMMA = YES;
				CLANG_WARN_CONSTANT_CONVERSION = YES;
				CLANG_WARN_DEPRECATED_OBJC_IMPLEMENTATIONS = YES;
				CLANG_WARN_DIRECT_OBJC_ISA_USAGE = YES_ERROR;
				CLANG_WARN_DOCUMENTATION_COMMENTS = YES;
				CLANG_WARN_EMPTY_BODY = YES;
				CLANG_WARN_ENUM_CONVERSION = YES;
				CLANG_WARN_INFINITE_RECURSION = YES;
				CLANG_WARN_INT_CONVERSION = YES;
				CLANG_WARN_NON_LITERAL_NULL_CONVERSION = YES;
				CLANG_WARN_OBJC_IMPLICIT_RETAIN_SELF = YES;
				CLANG_WARN_OBJC_LITERAL_CONVERSION = YES;
				CLANG_WARN_OBJC_ROOT_CLASS = YES_ERROR;
				CLANG_WARN_QUOTED_INCLUDE_IN_FRAMEWORK_HEADER = YES;
				CLANG_WARN_RANGE_LOOP_ANALYSIS = YES;
				CLANG_WARN_STRICT_PROTOTYPES = YES;
				CLANG_WARN_SUSPICIOUS_MOVE = YES;
				CLANG_WARN_UNGUARDED_AVAILABILITY = YES_AGGRESSIVE;
				CLANG_WARN_UNREACHABLE_CODE = YES;
				CLANG_WARN__DUPLICATE_METHOD_MATCH = YES;
				COPY_PHASE_STRIP = NO;
				DEBUG_INFORMATION_FORMAT = dwarf;
				ENABLE_STRICT_OBJC_MSGSEND = YES;
				ENABLE_TESTABILITY = YES;
				GCC_C_LANGUAGE_STANDARD = gnu11;
				GCC_DYNAMIC_NO_PIC = NO;
				GCC_NO_COMMON_BLOCKS = YES;
				GCC_OPTIMIZATION_LEVEL = 0;
				GCC_PREPROCESSOR_DEFINITIONS = (
					"DEBUG=1",
					"$(inherited)",
				);
				GCC_WARN_64_TO_32_BIT_CONVERSION = YES;
				GCC_WARN_ABOUT_RETURN_TYPE = YES_ERROR;
				GCC_WARN_UNDECLARED_SELECTOR = YES;
				GCC_WARN_UNINITIALIZED_AUTOS = YES_AGGRESSIVE;
				GCC_WARN_UNUSED_FUNCTION = YES;
				GCC_WARN_UNUSED_VARIABLE = YES;
				IPHONEOS_DEPLOYMENT_TARGET = 16.4;
				MTL_ENABLE_DEBUG_INFO = INCLUDE_SOURCE;
				MTL_FAST_MATH = YES;
				ONLY_ACTIVE_ARCH = YES;
				SDKROOT = iphoneos;
				SWIFT_ACTIVE_COMPILATION_CONDITIONS = DEBUG;
				SWIFT_OPTIMIZATION_LEVEL = "-Onone";
			};
			name = Debug;
		};
		09D35C3F2A5829CD00B7C887 /* Release */ = {
			isa = XCBuildConfiguration;
			buildSettings = {
				ALWAYS_SEARCH_USER_PATHS = NO;
				CLANG_ANALYZER_NONNULL = YES;
				CLANG_ANALYZER_NUMBER_OBJECT_CONVERSION = YES_AGGRESSIVE;
				CLANG_CXX_LANGUAGE_STANDARD = "gnu++20";
				CLANG_ENABLE_MODULES = YES;
				CLANG_ENABLE_OBJC_ARC = YES;
				CLANG_ENABLE_OBJC_WEAK = YES;
				CLANG_WARN_BLOCK_CAPTURE_AUTORELEASING = YES;
				CLANG_WARN_BOOL_CONVERSION = YES;
				CLANG_WARN_COMMA = YES;
				CLANG_WARN_CONSTANT_CONVERSION = YES;
				CLANG_WARN_DEPRECATED_OBJC_IMPLEMENTATIONS = YES;
				CLANG_WARN_DIRECT_OBJC_ISA_USAGE = YES_ERROR;
				CLANG_WARN_DOCUMENTATION_COMMENTS = YES;
				CLANG_WARN_EMPTY_BODY = YES;
				CLANG_WARN_ENUM_CONVERSION = YES;
				CLANG_WARN_INFINITE_RECURSION = YES;
				CLANG_WARN_INT_CONVERSION = YES;
				CLANG_WARN_NON_LITERAL_NULL_CONVERSION = YES;
				CLANG_WARN_OBJC_IMPLICIT_RETAIN_SELF = YES;
				CLANG_WARN_OBJC_LITERAL_CONVERSION = YES;
				CLANG_WARN_OBJC_ROOT_CLASS = YES_ERROR;
				CLANG_WARN_QUOTED_INCLUDE_IN_FRAMEWORK_HEADER = YES;
				CLANG_WARN_RANGE_LOOP_ANALYSIS = YES;
				CLANG_WARN_STRICT_PROTOTYPES = YES;
				CLANG_WARN_SUSPICIOUS_MOVE = YES;
				CLANG_WARN_UNGUARDED_AVAILABILITY = YES_AGGRESSIVE;
				CLANG_WARN_UNREACHABLE_CODE = YES;
				CLANG_WARN__DUPLICATE_METHOD_MATCH = YES;
				COPY_PHASE_STRIP = NO;
				DEBUG_INFORMATION_FORMAT = "dwarf-with-dsym";
				ENABLE_NS_ASSERTIONS = NO;
				ENABLE_STRICT_OBJC_MSGSEND = YES;
				GCC_C_LANGUAGE_STANDARD = gnu11;
				GCC_NO_COMMON_BLOCKS = YES;
				GCC_WARN_64_TO_32_BIT_CONVERSION = YES;
				GCC_WARN_ABOUT_RETURN_TYPE = YES_ERROR;
				GCC_WARN_UNDECLARED_SELECTOR = YES;
				GCC_WARN_UNINITIALIZED_AUTOS = YES_AGGRESSIVE;
				GCC_WARN_UNUSED_FUNCTION = YES;
				GCC_WARN_UNUSED_VARIABLE = YES;
				IPHONEOS_DEPLOYMENT_TARGET = 16.4;
				MTL_ENABLE_DEBUG_INFO = NO;
				MTL_FAST_MATH = YES;
				SDKROOT = iphoneos;
				SWIFT_COMPILATION_MODE = wholemodule;
				SWIFT_OPTIMIZATION_LEVEL = "-O";
				VALIDATE_PRODUCT = YES;
			};
			name = Release;
		};
		09D35C412A5829CD00B7C887 /* Debug */ = {
			isa = XCBuildConfiguration;
			buildSettings = {
				ASSETCATALOG_COMPILER_APPICON_NAME = AppIcon;
				ASSETCATALOG_COMPILER_GLOBAL_ACCENT_COLOR_NAME = AccentColor;
				CODE_SIGN_STYLE = Automatic;
				CURRENT_PROJECT_VERSION = 1;
				DEVELOPMENT_TEAM = F72FD6J9GL;
				GENERATE_INFOPLIST_FILE = YES;
				INFOPLIST_FILE = MyHabits/Info.plist;
				INFOPLIST_KEY_UIApplicationSupportsIndirectInputEvents = YES;
				INFOPLIST_KEY_UILaunchStoryboardName = LaunchScreen.storyboard;
				INFOPLIST_KEY_UISupportedInterfaceOrientations_iPad = "UIInterfaceOrientationPortrait UIInterfaceOrientationPortraitUpsideDown UIInterfaceOrientationLandscapeLeft UIInterfaceOrientationLandscapeRight";
				INFOPLIST_KEY_UISupportedInterfaceOrientations_iPhone = "UIInterfaceOrientationPortrait UIInterfaceOrientationLandscapeLeft UIInterfaceOrientationLandscapeRight";
				IPHONEOS_DEPLOYMENT_TARGET = 15.0;
				LD_RUNPATH_SEARCH_PATHS = (
					"$(inherited)",
					"@executable_path/Frameworks",
				);
				MARKETING_VERSION = 1.0;
				PRODUCT_BUNDLE_IDENTIFIER = krostal.com.MyHabits;
				PRODUCT_NAME = "$(TARGET_NAME)";
				SUPPORTED_PLATFORMS = "iphoneos iphonesimulator";
				SUPPORTS_MACCATALYST = NO;
				SUPPORTS_MAC_DESIGNED_FOR_IPHONE_IPAD = NO;
				SWIFT_EMIT_LOC_STRINGS = YES;
				SWIFT_VERSION = 5.0;
				TARGETED_DEVICE_FAMILY = "1,2";
			};
			name = Debug;
		};
		09D35C422A5829CD00B7C887 /* Release */ = {
			isa = XCBuildConfiguration;
			buildSettings = {
				ASSETCATALOG_COMPILER_APPICON_NAME = AppIcon;
				ASSETCATALOG_COMPILER_GLOBAL_ACCENT_COLOR_NAME = AccentColor;
				CODE_SIGN_STYLE = Automatic;
				CURRENT_PROJECT_VERSION = 1;
				DEVELOPMENT_TEAM = F72FD6J9GL;
				GENERATE_INFOPLIST_FILE = YES;
				INFOPLIST_FILE = MyHabits/Info.plist;
				INFOPLIST_KEY_UIApplicationSupportsIndirectInputEvents = YES;
				INFOPLIST_KEY_UILaunchStoryboardName = LaunchScreen.storyboard;
				INFOPLIST_KEY_UISupportedInterfaceOrientations_iPad = "UIInterfaceOrientationPortrait UIInterfaceOrientationPortraitUpsideDown UIInterfaceOrientationLandscapeLeft UIInterfaceOrientationLandscapeRight";
				INFOPLIST_KEY_UISupportedInterfaceOrientations_iPhone = "UIInterfaceOrientationPortrait UIInterfaceOrientationLandscapeLeft UIInterfaceOrientationLandscapeRight";
				IPHONEOS_DEPLOYMENT_TARGET = 15.0;
				LD_RUNPATH_SEARCH_PATHS = (
					"$(inherited)",
					"@executable_path/Frameworks",
				);
				MARKETING_VERSION = 1.0;
				PRODUCT_BUNDLE_IDENTIFIER = krostal.com.MyHabits;
				PRODUCT_NAME = "$(TARGET_NAME)";
				SUPPORTED_PLATFORMS = "iphoneos iphonesimulator";
				SUPPORTS_MACCATALYST = NO;
				SUPPORTS_MAC_DESIGNED_FOR_IPHONE_IPAD = NO;
				SWIFT_EMIT_LOC_STRINGS = YES;
				SWIFT_VERSION = 5.0;
				TARGETED_DEVICE_FAMILY = "1,2";
			};
			name = Release;
		};
/* End XCBuildConfiguration section */

/* Begin XCConfigurationList section */
		09D35C272A5829CC00B7C887 /* Build configuration list for PBXProject "MyHabits" */ = {
			isa = XCConfigurationList;
			buildConfigurations = (
				09D35C3E2A5829CD00B7C887 /* Debug */,
				09D35C3F2A5829CD00B7C887 /* Release */,
			);
			defaultConfigurationIsVisible = 0;
			defaultConfigurationName = Release;
		};
		09D35C402A5829CD00B7C887 /* Build configuration list for PBXNativeTarget "MyHabits" */ = {
			isa = XCConfigurationList;
			buildConfigurations = (
				09D35C412A5829CD00B7C887 /* Debug */,
				09D35C422A5829CD00B7C887 /* Release */,
			);
			defaultConfigurationIsVisible = 0;
			defaultConfigurationName = Release;
		};
/* End XCConfigurationList section */
	};
	rootObject = 09D35C242A5829CC00B7C887 /* Project object */;
}
